
Microsoft Visual Studio Solution File, Format Version 12.00
# Visual Studio Version 16
VisualStudioVersion = 16.0.30717.126
MinimumVisualStudioVersion = 10.0.40219.1
Project("{FAE04EC0-301F-11D3-BF4B-00C04F79EFBC}") = "EventPlanner", "EventPlanner\EventPlanner.csproj", "{C7DDC749-81B6-452C-B31A-71CF6FE7C0C6}"
EndProject
Global
	GlobalSection(SolutionConfigurationPlatforms) = preSolution
		Debug|Any CPU = Debug|Any CPU
		Release|Any CPU = Release|Any CPU
	EndGlobalSection
	GlobalSection(ProjectConfigurationPlatforms) = postSolution
		{C7DDC749-81B6-452C-B31A-71CF6FE7C0C6}.Debug|Any CPU.ActiveCfg = Debug|Any CPU
		{C7DDC749-81B6-452C-B31A-71CF6FE7C0C6}.Debug|Any CPU.Build.0 = Debug|Any CPU
		{C7DDC749-81B6-452C-B31A-71CF6FE7C0C6}.Release|Any CPU.ActiveCfg = Release|Any CPU
		{C7DDC749-81B6-452C-B31A-71CF6FE7C0C6}.Release|Any CPU.Build.0 = Release|Any CPU
	EndGlobalSection
	GlobalSection(SolutionProperties) = preSolution
		HideSolutionNode = FALSE
	EndGlobalSection
	GlobalSection(ExtensibilityGlobals) = postSolution
		SolutionGuid = {A179895F-BE1D-4BDE-A9D9-E888E7FF5752}
	EndGlobalSection
EndGlobal
